lockfileVersion: '6.0'

devDependencies:
  typescript:
    specifier: ^5.3.2
    version: 5.3.2
  workbox-core:
    specifier: ^7.0.0
    version: 7.0.0
  workbox-precaching:
    specifier: ^7.0.0
    version: 7.0.0

packages:

  /typescript@5.3.2:
    resolution: {integrity: sha512-6l+RyNy7oAHDfxC4FzSJcz9vnjTKxrLpDG5M2Vu4SHRVNg6xzqZp6LYSR9zjqQTu8DU/f5xwxUdADOkbrIX2gQ==}
    engines: {node: '>=14.17'}
    hasBin: true
    dev: true

  /workbox-core@7.0.0:
    resolution: {integrity: sha512-81JkAAZtfVP8darBpfRTovHg8DGAVrKFgHpOArZbdFd78VqHr5Iw65f2guwjE2NlCFbPFDoez3D3/6ZvhI/rwQ==}
    dev: true

  /workbox-precaching@7.0.0:
    resolution: {integrity: sha512-EC0vol623LJqTJo1mkhD9DZmMP604vHqni3EohhQVwhJlTgyKyOkMrZNy5/QHfOby+39xqC01gv4LjOm4HSfnA==}
    dependencies:
      workbox-core: 7.0.0
      workbox-routing: 7.0.0
      workbox-strategies: 7.0.0
    dev: true

  /workbox-routing@7.0.0:
    resolution: {integrity: sha512-8YxLr3xvqidnbVeGyRGkaV4YdlKkn5qZ1LfEePW3dq+ydE73hUUJJuLmGEykW3fMX8x8mNdL0XrWgotcuZjIvA==}
    dependencies:
      workbox-core: 7.0.0
    dev: true

  /workbox-strategies@7.0.0:
    resolution: {integrity: sha512-dg3qJU7tR/Gcd/XXOOo7x9QoCI9nk74JopaJaYAQ+ugLi57gPsXycVdBnYbayVj34m6Y8ppPwIuecrzkpBVwbA==}
    dependencies:
      workbox-core: 7.0.0
    dev: true
